// !$*UTF8*$!
{
	archiveVersion = 1;
	classes = {
	};
	objectVersion = 51;
	objects = {

/* Begin PBXBuildFile section */
		3705B45725AB2F8600BD87C8 /* Constants.swift in Sources */ = {isa = PBXBuildFile; fileRef = 3705B45625AB2F8600BD87C8 /* Constants.swift */; };
		3705B45A25AB338300BD87C8 /* FCollectionReference.swift in Sources */ = {isa = PBXBuildFile; fileRef = 3705B45925AB338300BD87C8 /* FCollectionReference.swift */; };
		3705B45F25AB359B00BD87C8 /* FirebaseUserListener.swift in Sources */ = {isa = PBXBuildFile; fileRef = 3705B45E25AB359B00BD87C8 /* FirebaseUserListener.swift */; };
		3705B48325AC8EEC00BD87C8 /* SettingsTableViewController.swift in Sources */ = {isa = PBXBuildFile; fileRef = 3705B48225AC8EEC00BD87C8 /* SettingsTableViewController.swift */; };
		3705B48625AD78CA00BD87C8 /* EditProfileTableViewController.swift in Sources */ = {isa = PBXBuildFile; fileRef = 3705B48525AD78CA00BD87C8 /* EditProfileTableViewController.swift */; };
		3705B48925AD929800BD87C8 /* FileStorage.swift in Sources */ = {isa = PBXBuildFile; fileRef = 3705B48825AD929800BD87C8 /* FileStorage.swift */; };
		3705B48C25AE8E6600BD87C8 /* GlobalFunctions.swift in Sources */ = {isa = PBXBuildFile; fileRef = 3705B48B25AE8E6600BD87C8 /* GlobalFunctions.swift */; };
		3705B48F25AEA23900BD87C8 /* Extensions.swift in Sources */ = {isa = PBXBuildFile; fileRef = 3705B48E25AEA23900BD87C8 /* Extensions.swift */; };
		3705B49225AEC38700BD87C8 /* Status.swift in Sources */ = {isa = PBXBuildFile; fileRef = 3705B49125AEC38700BD87C8 /* Status.swift */; };
		3705B49525AEC99C00BD87C8 /* StatusTableViewController.swift in Sources */ = {isa = PBXBuildFile; fileRef = 3705B49425AEC99C00BD87C8 /* StatusTableViewController.swift */; };
		3705B49825AEDE1000BD87C8 /* UserTableViewCell.swift in Sources */ = {isa = PBXBuildFile; fileRef = 3705B49725AEDE1000BD87C8 /* UserTableViewCell.swift */; };
		3705B49B25AF205200BD87C8 /* UsersTableViewController.swift in Sources */ = {isa = PBXBuildFile; fileRef = 3705B49A25AF205200BD87C8 /* UsersTableViewController.swift */; };
		3705B4A525B0154A00BD87C8 /* ProfileTableViewController.swift in Sources */ = {isa = PBXBuildFile; fileRef = 3705B4A425B0154A00BD87C8 /* ProfileTableViewController.swift */; };
		3705B4AC25B02A3300BD87C8 /* RecentChat.swift in Sources */ = {isa = PBXBuildFile; fileRef = 3705B4AB25B02A3300BD87C8 /* RecentChat.swift */; };
		3705B4AF25B034A000BD87C8 /* RecentTableViewCell.swift in Sources */ = {isa = PBXBuildFile; fileRef = 3705B4AE25B034A000BD87C8 /* RecentTableViewCell.swift */; };
		3705B4B225B07E7000BD87C8 /* StartChat.swift in Sources */ = {isa = PBXBuildFile; fileRef = 3705B4B125B07E7000BD87C8 /* StartChat.swift */; };
		3705B4B525B0844800BD87C8 /* FirebaseRecentListener.swift in Sources */ = {isa = PBXBuildFile; fileRef = 3705B4B425B0844800BD87C8 /* FirebaseRecentListener.swift */; };
		3705B4B825B1681000BD87C8 /* ChatsTableViewController.swift in Sources */ = {isa = PBXBuildFile; fileRef = 3705B4B725B1681000BD87C8 /* ChatsTableViewController.swift */; };
		3705B4CC25B411E200BD87C8 /* ChatViewController.swift in Sources */ = {isa = PBXBuildFile; fileRef = 3705B4CB25B411E200BD87C8 /* ChatViewController.swift */; };
		3705B4CF25B4607200BD87C8 /* MessageDataSource.swift in Sources */ = {isa = PBXBuildFile; fileRef = 3705B4CE25B4607200BD87C8 /* MessageDataSource.swift */; };
		3705B4D425B460CA00BD87C8 /* MessageCellDelegate.swift in Sources */ = {isa = PBXBuildFile; fileRef = 3705B4D325B460CA00BD87C8 /* MessageCellDelegate.swift */; };
		3705B4D825B460E900BD87C8 /* MessageDisplayDelegate.swift in Sources */ = {isa = PBXBuildFile; fileRef = 3705B4D725B460E900BD87C8 /* MessageDisplayDelegate.swift */; };
		3705B4DB25B460FC00BD87C8 /* MessageLayoutDelegate.swift in Sources */ = {isa = PBXBuildFile; fileRef = 3705B4DA25B460FC00BD87C8 /* MessageLayoutDelegate.swift */; };
		3705B4DE25B4613E00BD87C8 /* InputBarAccessoryViewDelegate.swift in Sources */ = {isa = PBXBuildFile; fileRef = 3705B4DD25B4613E00BD87C8 /* InputBarAccessoryViewDelegate.swift */; };
		3705B4E125B4648100BD87C8 /* MessageKitDefaults.swift in Sources */ = {isa = PBXBuildFile; fileRef = 3705B4E025B4648100BD87C8 /* MessageKitDefaults.swift */; };
		3705B4E525B4685700BD87C8 /* MKMessage.swift in Sources */ = {isa = PBXBuildFile; fileRef = 3705B4E425B4685700BD87C8 /* MKMessage.swift */; };
		3705B4E825B46B7D00BD87C8 /* LocalMessage.swift in Sources */ = {isa = PBXBuildFile; fileRef = 3705B4E725B46B7D00BD87C8 /* LocalMessage.swift */; };
		3705B4ED25B5301F00BD87C8 /* RealmManager.swift in Sources */ = {isa = PBXBuildFile; fileRef = 3705B4EC25B5301F00BD87C8 /* RealmManager.swift */; };
		3705B4F025B5343B00BD87C8 /* OutgoingMessage.swift in Sources */ = {isa = PBXBuildFile; fileRef = 3705B4EF25B5343B00BD87C8 /* OutgoingMessage.swift */; };
		3705B4F325B55A0200BD87C8 /* FirebaseMessageListener.swift in Sources */ = {isa = PBXBuildFile; fileRef = 3705B4F225B55A0100BD87C8 /* FirebaseMessageListener.swift */; };
		3705B4F625B566DF00BD87C8 /* IncomingMessage.swift in Sources */ = {isa = PBXBuildFile; fileRef = 3705B4F525B566DF00BD87C8 /* IncomingMessage.swift */; };
		3705B4F925B6BBF400BD87C8 /* FirebaseTypingListener.swift in Sources */ = {isa = PBXBuildFile; fileRef = 3705B4F825B6BBF400BD87C8 /* FirebaseTypingListener.swift */; };
		3705B4FC25B8569D00BD87C8 /* PhotoMessage.swift in Sources */ = {isa = PBXBuildFile; fileRef = 3705B4FB25B8569D00BD87C8 /* PhotoMessage.swift */; };
		3705B50125BB106300BD87C8 /* VideoMessages.swift in Sources */ = {isa = PBXBuildFile; fileRef = 3705B50025BB106300BD87C8 /* VideoMessages.swift */; };
		3705B50425C156D100BD87C8 /* LocationManager.swift in Sources */ = {isa = PBXBuildFile; fileRef = 3705B50325C156D100BD87C8 /* LocationManager.swift */; };
		3705B50725C1989C00BD87C8 /* LocationMessage.swift in Sources */ = {isa = PBXBuildFile; fileRef = 3705B50625C1989B00BD87C8 /* LocationMessage.swift */; };
		3705B50A25C19EC600BD87C8 /* MapViewController.swift in Sources */ = {isa = PBXBuildFile; fileRef = 3705B50925C19EC600BD87C8 /* MapViewController.swift */; };
		3705B50E25C1A72300BD87C8 /* MapAnnotation.swift in Sources */ = {isa = PBXBuildFile; fileRef = 3705B50D25C1A72300BD87C8 /* MapAnnotation.swift */; };
		3705B51125C28DD600BD87C8 /* AudioRecorder.swift in Sources */ = {isa = PBXBuildFile; fileRef = 3705B51025C28DD600BD87C8 /* AudioRecorder.swift */; };
		373DB8A226232101001684BA /* ChannelRes.swift in Sources */ = {isa = PBXBuildFile; fileRef = 373DB8A126232101001684BA /* ChannelRes.swift */; };
		373DB8A726232AE6001684BA /* _FirebaseChannelListener.swift in Sources */ = {isa = PBXBuildFile; fileRef = 373DB8A626232AE6001684BA /* _FirebaseChannelListener.swift */; };
		373DB8AA2624201B001684BA /* _FirebaseMessageListener.swift in Sources */ = {isa = PBXBuildFile; fileRef = 373DB8A92624201B001684BA /* _FirebaseMessageListener.swift */; };
		373DB8D12627EAF5001684BA /* TranslateResult.swift in Sources */ = {isa = PBXBuildFile; fileRef = 373DB8D02627EAF5001684BA /* TranslateResult.swift */; };
		373DB8D4262AAB0A001684BA /* _MyChannelsTableViewController.swift in Sources */ = {isa = PBXBuildFile; fileRef = 373DB8D3262AAB0A001684BA /* _MyChannelsTableViewController.swift */; };
		373DB8D8262FF55F001684BA /* SearchTableViewController.swift in Sources */ = {isa = PBXBuildFile; fileRef = 373DB8D7262FF55F001684BA /* SearchTableViewController.swift */; };
		373DB8DB26300B1F001684BA /* SearchResult.swift in Sources */ = {isa = PBXBuildFile; fileRef = 373DB8DA26300B1F001684BA /* SearchResult.swift */; };
		3741F03E25C2EEDC0023EFFC /* AudioViewController.swift in Sources */ = {isa = PBXBuildFile; fileRef = 3741F03D25C2EEDC0023EFFC /* AudioViewController.swift */; };
		3741F04125C3B3C80023EFFC /* AudioMessage.swift in Sources */ = {isa = PBXBuildFile; fileRef = 3741F04025C3B3C80023EFFC /* AudioMessage.swift */; };
		3741F04B25C3D8B80023EFFC /* BasicAudioController.swift in Sources */ = {isa = PBXBuildFile; fileRef = 3741F04A25C3D8B80023EFFC /* BasicAudioController.swift */; };
		3741F04E25C51FBC0023EFFC /* _LocationManager.swift in Sources */ = {isa = PBXBuildFile; fileRef = 3741F04D25C51FBC0023EFFC /* _LocationManager.swift */; };
		3741F05125C7CCBB0023EFFC /* ChannelsTableViewController.swift in Sources */ = {isa = PBXBuildFile; fileRef = 3741F05025C7CCBB0023EFFC /* ChannelsTableViewController.swift */; };
		3741F05425C7D9E70023EFFC /* Channel.swift in Sources */ = {isa = PBXBuildFile; fileRef = 3741F05325C7D9E70023EFFC /* Channel.swift */; };
		3741F05825C7DF510023EFFC /* LocationPickerViewController.swift in Sources */ = {isa = PBXBuildFile; fileRef = 3741F05725C7DF510023EFFC /* LocationPickerViewController.swift */; };
		3741F05C25C8EBA30023EFFC /* ChannelTableViewCell.swift in Sources */ = {isa = PBXBuildFile; fileRef = 3741F05B25C8EBA30023EFFC /* ChannelTableViewCell.swift */; };
		3741F08225C91FED0023EFFC /* MyChannelsTableViewController.swift in Sources */ = {isa = PBXBuildFile; fileRef = 3741F08125C91FED0023EFFC /* MyChannelsTableViewController.swift */; };
		3741F08525C920130023EFFC /* AddChannelTableViewController.swift in Sources */ = {isa = PBXBuildFile; fileRef = 3741F08425C920130023EFFC /* AddChannelTableViewController.swift */; };
		3741F08825C9317E0023EFFC /* FirebaseChannelListener.swift in Sources */ = {isa = PBXBuildFile; fileRef = 3741F08725C9317E0023EFFC /* FirebaseChannelListener.swift */; };
		3741F08B25CA47250023EFFC /* ChannelDetailTableViewController.swift in Sources */ = {isa = PBXBuildFile; fileRef = 3741F08A25CA47250023EFFC /* ChannelDetailTableViewController.swift */; };
		3741F08F25CA81840023EFFC /* ChannelChatViewController.swift in Sources */ = {isa = PBXBuildFile; fileRef = 3741F08E25CA81840023EFFC /* ChannelChatViewController.swift */; };
		3770FA362635324000A3A235 /* TranslateLangTableViewController.swift in Sources */ = {isa = PBXBuildFile; fileRef = 3770FA352635324000A3A235 /* TranslateLangTableViewController.swift */; };
		3770FA3E2637EAB200A3A235 /* SearchFacetCell.swift in Sources */ = {isa = PBXBuildFile; fileRef = 3770FA3C2637EAB200A3A235 /* SearchFacetCell.swift */; };
		3770FA3F2637EAB200A3A235 /* SearchFacetCell.xib in Resources */ = {isa = PBXBuildFile; fileRef = 3770FA3D2637EAB200A3A235 /* SearchFacetCell.xib */; };
		3770FA422637F1FE00A3A235 /* Facet.swift in Sources */ = {isa = PBXBuildFile; fileRef = 3770FA412637F1FE00A3A235 /* Facet.swift */; };
		377B0C3925AB2BF90002721E /* User.swift in Sources */ = {isa = PBXBuildFile; fileRef = 377B0C3825AB2BF90002721E /* User.swift */; };
		37857F1525A996EB0035960F /* AppDelegate.swift in Sources */ = {isa = PBXBuildFile; fileRef = 37857F1425A996EB0035960F /* AppDelegate.swift */; };
		37857F1725A996EB0035960F /* SceneDelegate.swift in Sources */ = {isa = PBXBuildFile; fileRef = 37857F1625A996EB0035960F /* SceneDelegate.swift */; };
		37857F1925A996EB0035960F /* LoginViewController.swift in Sources */ = {isa = PBXBuildFile; fileRef = 37857F1825A996EB0035960F /* LoginViewController.swift */; };
		37857F1C25A996EB0035960F /* Main.storyboard in Resources */ = {isa = PBXBuildFile; fileRef = 37857F1A25A996EB0035960F /* Main.storyboard */; };
		37857F1E25A996EE0035960F /* Assets.xcassets in Resources */ = {isa = PBXBuildFile; fileRef = 37857F1D25A996EE0035960F /* Assets.xcassets */; };
		37857F2125A996EE0035960F /* LaunchScreen.storyboard in Resources */ = {isa = PBXBuildFile; fileRef = 37857F1F25A996EE0035960F /* LaunchScreen.storyboard */; };
		3788C0CC25D62AE100742D7A /* GoogleService-Info.plist in Resources */ = {isa = PBXBuildFile; fileRef = 3788C0CB25D62AE100742D7A /* GoogleService-Info.plist */; };
		3788C0D125D62E6500742D7A /* JoiningChat.swift in Sources */ = {isa = PBXBuildFile; fileRef = 3788C0D025D62E6500742D7A /* JoiningChat.swift */; };
		3788C0D625DCB98800742D7A /* TranslationAPI.swift in Sources */ = {isa = PBXBuildFile; fileRef = 3788C0D525DCB98800742D7A /* TranslationAPI.swift */; };
		3788C0D925DCBA3600742D7A /* TranslationManager.swift in Sources */ = {isa = PBXBuildFile; fileRef = 3788C0D825DCBA3600742D7A /* TranslationManager.swift */; };
		3788C0E225DE131F00742D7A /* JoiningChannel.swift in Sources */ = {isa = PBXBuildFile; fileRef = 3788C0E125DE131F00742D7A /* JoiningChannel.swift */; };
		3788C0E525DE372F00742D7A /* ChannelMember.swift in Sources */ = {isa = PBXBuildFile; fileRef = 3788C0E425DE372F00742D7A /* ChannelMember.swift */; };
		37BE9DDF25E23A1600917734 /* ActiveCustomCell.swift in Sources */ = {isa = PBXBuildFile; fileRef = 37BE9DDD25E23A1600917734 /* ActiveCustomCell.swift */; };
		37BE9DE025E23A1600917734 /* ActiveCustomCell.xib in Resources */ = {isa = PBXBuildFile; fileRef = 37BE9DDE25E23A1600917734 /* ActiveCustomCell.xib */; };
		37BE9DE325E38E9400917734 /* LangTableViewController.swift in Sources */ = {isa = PBXBuildFile; fileRef = 37BE9DE225E38E9400917734 /* LangTableViewController.swift */; };
		37BE9DE625E39A3A00917734 /* TranslationLang.swift in Sources */ = {isa = PBXBuildFile; fileRef = 37BE9DE525E39A3A00917734 /* TranslationLang.swift */; };
		37BE9DEA25E4D5D100917734 /* InactiveCustomCell.swift in Sources */ = {isa = PBXBuildFile; fileRef = 37BE9DE825E4D5D000917734 /* InactiveCustomCell.swift */; };
		37BE9DEB25E4D5D100917734 /* InactiveCustomCell.xib in Resources */ = {isa = PBXBuildFile; fileRef = 37BE9DE925E4D5D000917734 /* InactiveCustomCell.xib */; };
		37FBA6A6263BA2ED0015231A /* Plan.swift in Sources */ = {isa = PBXBuildFile; fileRef = 37FBA6A5263BA2ED0015231A /* Plan.swift */; };
		37FBA6A8263BEB0C0015231A /* ChannelType.swift in Sources */ = {isa = PBXBuildFile; fileRef = 37FBA6A7263BEB0C0015231A /* ChannelType.swift */; };
		37FBA6AA263BEBB50015231A /* ChannelTheme.swift in Sources */ = {isa = PBXBuildFile; fileRef = 37FBA6A9263BEBB50015231A /* ChannelTheme.swift */; };
		37FBA6AC263BF0790015231A /* ChannelLangTableViewController.swift in Sources */ = {isa = PBXBuildFile; fileRef = 37FBA6AB263BF0790015231A /* ChannelLangTableViewController.swift */; };
		37FBA6AE263C32B20015231A /* ChannelTypeTableViewController.swift in Sources */ = {isa = PBXBuildFile; fileRef = 37FBA6AD263C32B20015231A /* ChannelTypeTableViewController.swift */; };
		37FBA6B0263C3A020015231A /* ChannelThemeTableViewController.swift in Sources */ = {isa = PBXBuildFile; fileRef = 37FBA6AF263C3A020015231A /* ChannelThemeTableViewController.swift */; };
		D771223C173D4064C0370931 /* Pods_HelloWorld.framework in Frameworks */ = {isa = PBXBuildFile; fileRef = F7D5FB30E754E6CBF20C6A21 /* Pods_HelloWorld.framework */; };
/* End PBXBuildFile section */

/* Begin PBXFileReference section */
		25DF8A5EA4F29922FF5D3478 /* Pods-HelloWorld.release.xcconfig */ = {isa = PBXFileReference; includeInIndex = 1; lastKnownFileType = text.xcconfig; name = "Pods-HelloWorld.release.xcconfig"; path = "Target Support Files/Pods-HelloWorld/Pods-HelloWorld.release.xcconfig"; sourceTree = "<group>"; };
		3705B45625AB2F8600BD87C8 /* Constants.swift */ = {isa = PBXFileReference; lastKnownFileType = sourcecode.swift; path = Constants.swift; sourceTree = "<group>"; };
		3705B45925AB338300BD87C8 /* FCollectionReference.swift */ = {isa = PBXFileReference; lastKnownFileType = sourcecode.swift; path = FCollectionReference.swift; sourceTree = "<group>"; };
		3705B45E25AB359B00BD87C8 /* FirebaseUserListener.swift */ = {isa = PBXFileReference; lastKnownFileType = sourcecode.swift; path = FirebaseUserListener.swift; sourceTree = "<group>"; };
		3705B48225AC8EEC00BD87C8 /* SettingsTableViewController.swift */ = {isa = PBXFileReference; lastKnownFileType = sourcecode.swift; path = SettingsTableViewController.swift; sourceTree = "<group>"; };
		3705B48525AD78CA00BD87C8 /* EditProfileTableViewController.swift */ = {isa = PBXFileReference; lastKnownFileType = sourcecode.swift; path = EditProfileTableViewController.swift; sourceTree = "<group>"; };
		3705B48825AD929800BD87C8 /* FileStorage.swift */ = {isa = PBXFileReference; lastKnownFileType = sourcecode.swift; path = FileStorage.swift; sourceTree = "<group>"; };
		3705B48B25AE8E6600BD87C8 /* GlobalFunctions.swift */ = {isa = PBXFileReference; lastKnownFileType = sourcecode.swift; path = GlobalFunctions.swift; sourceTree = "<group>"; };
		3705B48E25AEA23900BD87C8 /* Extensions.swift */ = {isa = PBXFileReference; lastKnownFileType = sourcecode.swift; path = Extensions.swift; sourceTree = "<group>"; };
		3705B49125AEC38700BD87C8 /* Status.swift */ = {isa = PBXFileReference; lastKnownFileType = sourcecode.swift; path = Status.swift; sourceTree = "<group>"; };
		3705B49425AEC99C00BD87C8 /* StatusTableViewController.swift */ = {isa = PBXFileReference; lastKnownFileType = sourcecode.swift; path = StatusTableViewController.swift; sourceTree = "<group>"; };
		3705B49725AEDE1000BD87C8 /* UserTableViewCell.swift */ = {isa = PBXFileReference; lastKnownFileType = sourcecode.swift; path = UserTableViewCell.swift; sourceTree = "<group>"; };
		3705B49A25AF205200BD87C8 /* UsersTableViewController.swift */ = {isa = PBXFileReference; lastKnownFileType = sourcecode.swift; path = UsersTableViewController.swift; sourceTree = "<group>"; };
		3705B4A425B0154A00BD87C8 /* ProfileTableViewController.swift */ = {isa = PBXFileReference; lastKnownFileType = sourcecode.swift; path = ProfileTableViewController.swift; sourceTree = "<group>"; };
		3705B4AB25B02A3300BD87C8 /* RecentChat.swift */ = {isa = PBXFileReference; lastKnownFileType = sourcecode.swift; path = RecentChat.swift; sourceTree = "<group>"; };
		3705B4AE25B034A000BD87C8 /* RecentTableViewCell.swift */ = {isa = PBXFileReference; lastKnownFileType = sourcecode.swift; path = RecentTableViewCell.swift; sourceTree = "<group>"; };
		3705B4B125B07E7000BD87C8 /* StartChat.swift */ = {isa = PBXFileReference; lastKnownFileType = sourcecode.swift; path = StartChat.swift; sourceTree = "<group>"; };
		3705B4B425B0844800BD87C8 /* FirebaseRecentListener.swift */ = {isa = PBXFileReference; lastKnownFileType = sourcecode.swift; path = FirebaseRecentListener.swift; sourceTree = "<group>"; };
		3705B4B725B1681000BD87C8 /* ChatsTableViewController.swift */ = {isa = PBXFileReference; lastKnownFileType = sourcecode.swift; path = ChatsTableViewController.swift; sourceTree = "<group>"; };
		3705B4CB25B411E200BD87C8 /* ChatViewController.swift */ = {isa = PBXFileReference; lastKnownFileType = sourcecode.swift; path = ChatViewController.swift; sourceTree = "<group>"; };
		3705B4CE25B4607200BD87C8 /* MessageDataSource.swift */ = {isa = PBXFileReference; lastKnownFileType = sourcecode.swift; path = MessageDataSource.swift; sourceTree = "<group>"; };
		3705B4D325B460CA00BD87C8 /* MessageCellDelegate.swift */ = {isa = PBXFileReference; lastKnownFileType = sourcecode.swift; path = MessageCellDelegate.swift; sourceTree = "<group>"; };
		3705B4D725B460E900BD87C8 /* MessageDisplayDelegate.swift */ = {isa = PBXFileReference; lastKnownFileType = sourcecode.swift; path = MessageDisplayDelegate.swift; sourceTree = "<group>"; };
		3705B4DA25B460FC00BD87C8 /* MessageLayoutDelegate.swift */ = {isa = PBXFileReference; lastKnownFileType = sourcecode.swift; path = MessageLayoutDelegate.swift; sourceTree = "<group>"; };
		3705B4DD25B4613E00BD87C8 /* InputBarAccessoryViewDelegate.swift */ = {isa = PBXFileReference; lastKnownFileType = sourcecode.swift; path = InputBarAccessoryViewDelegate.swift; sourceTree = "<group>"; };
		3705B4E025B4648100BD87C8 /* MessageKitDefaults.swift */ = {isa = PBXFileReference; lastKnownFileType = sourcecode.swift; path = MessageKitDefaults.swift; sourceTree = "<group>"; };
		3705B4E425B4685700BD87C8 /* MKMessage.swift */ = {isa = PBXFileReference; lastKnownFileType = sourcecode.swift; path = MKMessage.swift; sourceTree = "<group>"; };
		3705B4E725B46B7D00BD87C8 /* LocalMessage.swift */ = {isa = PBXFileReference; lastKnownFileType = sourcecode.swift; path = LocalMessage.swift; sourceTree = "<group>"; };
		3705B4EC25B5301F00BD87C8 /* RealmManager.swift */ = {isa = PBXFileReference; lastKnownFileType = sourcecode.swift; path = RealmManager.swift; sourceTree = "<group>"; };
		3705B4EF25B5343B00BD87C8 /* OutgoingMessage.swift */ = {isa = PBXFileReference; lastKnownFileType = sourcecode.swift; path = OutgoingMessage.swift; sourceTree = "<group>"; };
		3705B4F225B55A0100BD87C8 /* FirebaseMessageListener.swift */ = {isa = PBXFileReference; lastKnownFileType = sourcecode.swift; path = FirebaseMessageListener.swift; sourceTree = "<group>"; };
		3705B4F525B566DF00BD87C8 /* IncomingMessage.swift */ = {isa = PBXFileReference; lastKnownFileType = sourcecode.swift; path = IncomingMessage.swift; sourceTree = "<group>"; };
		3705B4F825B6BBF400BD87C8 /* FirebaseTypingListener.swift */ = {isa = PBXFileReference; lastKnownFileType = sourcecode.swift; path = FirebaseTypingListener.swift; sourceTree = "<group>"; };
		3705B4FB25B8569D00BD87C8 /* PhotoMessage.swift */ = {isa = PBXFileReference; lastKnownFileType = sourcecode.swift; path = PhotoMessage.swift; sourceTree = "<group>"; };
		3705B50025BB106300BD87C8 /* VideoMessages.swift */ = {isa = PBXFileReference; lastKnownFileType = sourcecode.swift; path = VideoMessages.swift; sourceTree = "<group>"; };
		3705B50325C156D100BD87C8 /* LocationManager.swift */ = {isa = PBXFileReference; lastKnownFileType = sourcecode.swift; path = LocationManager.swift; sourceTree = "<group>"; };
		3705B50625C1989B00BD87C8 /* LocationMessage.swift */ = {isa = PBXFileReference; lastKnownFileType = sourcecode.swift; path = LocationMessage.swift; sourceTree = "<group>"; };
		3705B50925C19EC600BD87C8 /* MapViewController.swift */ = {isa = PBXFileReference; lastKnownFileType = sourcecode.swift; path = MapViewController.swift; sourceTree = "<group>"; };
		3705B50D25C1A72300BD87C8 /* MapAnnotation.swift */ = {isa = PBXFileReference; lastKnownFileType = sourcecode.swift; path = MapAnnotation.swift; sourceTree = "<group>"; };
		3705B51025C28DD600BD87C8 /* AudioRecorder.swift */ = {isa = PBXFileReference; lastKnownFileType = sourcecode.swift; path = AudioRecorder.swift; sourceTree = "<group>"; };
		373DB8A126232101001684BA /* ChannelRes.swift */ = {isa = PBXFileReference; lastKnownFileType = sourcecode.swift; path = ChannelRes.swift; sourceTree = "<group>"; };
		373DB8A626232AE6001684BA /* _FirebaseChannelListener.swift */ = {isa = PBXFileReference; lastKnownFileType = sourcecode.swift; path = _FirebaseChannelListener.swift; sourceTree = "<group>"; };
		373DB8A92624201B001684BA /* _FirebaseMessageListener.swift */ = {isa = PBXFileReference; lastKnownFileType = sourcecode.swift; path = _FirebaseMessageListener.swift; sourceTree = "<group>"; };
		373DB8D02627EAF5001684BA /* TranslateResult.swift */ = {isa = PBXFileReference; lastKnownFileType = sourcecode.swift; path = TranslateResult.swift; sourceTree = "<group>"; };
		373DB8D3262AAB0A001684BA /* _MyChannelsTableViewController.swift */ = {isa = PBXFileReference; lastKnownFileType = sourcecode.swift; path = _MyChannelsTableViewController.swift; sourceTree = "<group>"; };
		373DB8D7262FF55F001684BA /* SearchTableViewController.swift */ = {isa = PBXFileReference; lastKnownFileType = sourcecode.swift; path = SearchTableViewController.swift; sourceTree = "<group>"; };
		373DB8DA26300B1F001684BA /* SearchResult.swift */ = {isa = PBXFileReference; lastKnownFileType = sourcecode.swift; path = SearchResult.swift; sourceTree = "<group>"; };
		3741F03D25C2EEDC0023EFFC /* AudioViewController.swift */ = {isa = PBXFileReference; lastKnownFileType = sourcecode.swift; path = AudioViewController.swift; sourceTree = "<group>"; };
		3741F04025C3B3C80023EFFC /* AudioMessage.swift */ = {isa = PBXFileReference; lastKnownFileType = sourcecode.swift; path = AudioMessage.swift; sourceTree = "<group>"; };
		3741F04A25C3D8B80023EFFC /* BasicAudioController.swift */ = {isa = PBXFileReference; lastKnownFileType = sourcecode.swift; path = BasicAudioController.swift; sourceTree = "<group>"; };
		3741F04D25C51FBC0023EFFC /* _LocationManager.swift */ = {isa = PBXFileReference; lastKnownFileType = sourcecode.swift; path = _LocationManager.swift; sourceTree = "<group>"; };
		3741F05025C7CCBB0023EFFC /* ChannelsTableViewController.swift */ = {isa = PBXFileReference; lastKnownFileType = sourcecode.swift; path = ChannelsTableViewController.swift; sourceTree = "<group>"; };
		3741F05325C7D9E70023EFFC /* Channel.swift */ = {isa = PBXFileReference; lastKnownFileType = sourcecode.swift; path = Channel.swift; sourceTree = "<group>"; };
		3741F05725C7DF510023EFFC /* LocationPickerViewController.swift */ = {isa = PBXFileReference; lastKnownFileType = sourcecode.swift; path = LocationPickerViewController.swift; sourceTree = "<group>"; };
		3741F05B25C8EBA30023EFFC /* ChannelTableViewCell.swift */ = {isa = PBXFileReference; lastKnownFileType = sourcecode.swift; path = ChannelTableViewCell.swift; sourceTree = "<group>"; };
		3741F08125C91FED0023EFFC /* MyChannelsTableViewController.swift */ = {isa = PBXFileReference; lastKnownFileType = sourcecode.swift; path = MyChannelsTableViewController.swift; sourceTree = "<group>"; };
		3741F08425C920130023EFFC /* AddChannelTableViewController.swift */ = {isa = PBXFileReference; lastKnownFileType = sourcecode.swift; path = AddChannelTableViewController.swift; sourceTree = "<group>"; };
		3741F08725C9317E0023EFFC /* FirebaseChannelListener.swift */ = {isa = PBXFileReference; lastKnownFileType = sourcecode.swift; path = FirebaseChannelListener.swift; sourceTree = "<group>"; };
		3741F08A25CA47250023EFFC /* ChannelDetailTableViewController.swift */ = {isa = PBXFileReference; lastKnownFileType = sourcecode.swift; path = ChannelDetailTableViewController.swift; sourceTree = "<group>"; };
		3741F08E25CA81840023EFFC /* ChannelChatViewController.swift */ = {isa = PBXFileReference; lastKnownFileType = sourcecode.swift; path = ChannelChatViewController.swift; sourceTree = "<group>"; };
		3770FA352635324000A3A235 /* TranslateLangTableViewController.swift */ = {isa = PBXFileReference; lastKnownFileType = sourcecode.swift; path = TranslateLangTableViewController.swift; sourceTree = "<group>"; };
		3770FA3C2637EAB200A3A235 /* SearchFacetCell.swift */ = {isa = PBXFileReference; lastKnownFileType = sourcecode.swift; path = SearchFacetCell.swift; sourceTree = "<group>"; };
		3770FA3D2637EAB200A3A235 /* SearchFacetCell.xib */ = {isa = PBXFileReference; lastKnownFileType = file.xib; path = SearchFacetCell.xib; sourceTree = "<group>"; };
		3770FA412637F1FE00A3A235 /* Facet.swift */ = {isa = PBXFileReference; lastKnownFileType = sourcecode.swift; path = Facet.swift; sourceTree = "<group>"; };
		377B0C3825AB2BF90002721E /* User.swift */ = {isa = PBXFileReference; lastKnownFileType = sourcecode.swift; path = User.swift; sourceTree = "<group>"; };
		37857F1125A996EB0035960F /* HelloWorld.app */ = {isa = PBXFileReference; explicitFileType = wrapper.application; includeInIndex = 0; path = HelloWorld.app; sourceTree = BUILT_PRODUCTS_DIR; };
		37857F1425A996EB0035960F /* AppDelegate.swift */ = {isa = PBXFileReference; lastKnownFileType = sourcecode.swift; path = AppDelegate.swift; sourceTree = "<group>"; };
		37857F1625A996EB0035960F /* SceneDelegate.swift */ = {isa = PBXFileReference; lastKnownFileType = sourcecode.swift; path = SceneDelegate.swift; sourceTree = "<group>"; };
		37857F1825A996EB0035960F /* LoginViewController.swift */ = {isa = PBXFileReference; lastKnownFileType = sourcecode.swift; path = LoginViewController.swift; sourceTree = "<group>"; };
		37857F1B25A996EB0035960F /* Base */ = {isa = PBXFileReference; lastKnownFileType = file.storyboard; name = Base; path = Base.lproj/Main.storyboard; sourceTree = "<group>"; };
		37857F1D25A996EE0035960F /* Assets.xcassets */ = {isa = PBXFileReference; lastKnownFileType = folder.assetcatalog; path = Assets.xcassets; sourceTree = "<group>"; };
		37857F2025A996EE0035960F /* Base */ = {isa = PBXFileReference; lastKnownFileType = file.storyboard; name = Base; path = Base.lproj/LaunchScreen.storyboard; sourceTree = "<group>"; };
		37857F2225A996EE0035960F /* Info.plist */ = {isa = PBXFileReference; lastKnownFileType = text.plist.xml; path = Info.plist; sourceTree = "<group>"; };
		3788C0CB25D62AE100742D7A /* GoogleService-Info.plist */ = {isa = PBXFileReference; fileEncoding = 4; lastKnownFileType = text.plist.xml; name = "GoogleService-Info.plist"; path = "../../Downloads/GoogleService-Info.plist"; sourceTree = "<group>"; };
		3788C0D025D62E6500742D7A /* JoiningChat.swift */ = {isa = PBXFileReference; lastKnownFileType = sourcecode.swift; path = JoiningChat.swift; sourceTree = "<group>"; };
		3788C0D525DCB98800742D7A /* TranslationAPI.swift */ = {isa = PBXFileReference; lastKnownFileType = sourcecode.swift; path = TranslationAPI.swift; sourceTree = "<group>"; };
		3788C0D825DCBA3600742D7A /* TranslationManager.swift */ = {isa = PBXFileReference; lastKnownFileType = sourcecode.swift; path = TranslationManager.swift; sourceTree = "<group>"; };
		3788C0E125DE131F00742D7A /* JoiningChannel.swift */ = {isa = PBXFileReference; lastKnownFileType = sourcecode.swift; path = JoiningChannel.swift; sourceTree = "<group>"; };
		3788C0E425DE372F00742D7A /* ChannelMember.swift */ = {isa = PBXFileReference; lastKnownFileType = sourcecode.swift; path = ChannelMember.swift; sourceTree = "<group>"; };
		37BE9DDD25E23A1600917734 /* ActiveCustomCell.swift */ = {isa = PBXFileReference; lastKnownFileType = sourcecode.swift; path = ActiveCustomCell.swift; sourceTree = "<group>"; };
		37BE9DDE25E23A1600917734 /* ActiveCustomCell.xib */ = {isa = PBXFileReference; lastKnownFileType = file.xib; path = ActiveCustomCell.xib; sourceTree = "<group>"; };
		37BE9DE225E38E9400917734 /* LangTableViewController.swift */ = {isa = PBXFileReference; lastKnownFileType = sourcecode.swift; path = LangTableViewController.swift; sourceTree = "<group>"; };
		37BE9DE525E39A3A00917734 /* TranslationLang.swift */ = {isa = PBXFileReference; lastKnownFileType = sourcecode.swift; path = TranslationLang.swift; sourceTree = "<group>"; };
		37BE9DE825E4D5D000917734 /* InactiveCustomCell.swift */ = {isa = PBXFileReference; lastKnownFileType = sourcecode.swift; path = InactiveCustomCell.swift; sourceTree = "<group>"; };
		37BE9DE925E4D5D000917734 /* InactiveCustomCell.xib */ = {isa = PBXFileReference; lastKnownFileType = file.xib; path = InactiveCustomCell.xib; sourceTree = "<group>"; };
		37FBA6A5263BA2ED0015231A /* Plan.swift */ = {isa = PBXFileReference; lastKnownFileType = sourcecode.swift; path = Plan.swift; sourceTree = "<group>"; };
		37FBA6A7263BEB0C0015231A /* ChannelType.swift */ = {isa = PBXFileReference; lastKnownFileType = sourcecode.swift; path = ChannelType.swift; sourceTree = "<group>"; };
		37FBA6A9263BEBB50015231A /* ChannelTheme.swift */ = {isa = PBXFileReference; lastKnownFileType = sourcecode.swift; path = ChannelTheme.swift; sourceTree = "<group>"; };
		37FBA6AB263BF0790015231A /* ChannelLangTableViewController.swift */ = {isa = PBXFileReference; lastKnownFileType = sourcecode.swift; path = ChannelLangTableViewController.swift; sourceTree = "<group>"; };
		37FBA6AD263C32B20015231A /* ChannelTypeTableViewController.swift */ = {isa = PBXFileReference; lastKnownFileType = sourcecode.swift; path = ChannelTypeTableViewController.swift; sourceTree = "<group>"; };
		37FBA6AF263C3A020015231A /* ChannelThemeTableViewController.swift */ = {isa = PBXFileReference; lastKnownFileType = sourcecode.swift; path = ChannelThemeTableViewController.swift; sourceTree = "<group>"; };
		B8EA68E95DBB86EAE5694F07 /* Pods-HelloWorld.debug.xcconfig */ = {isa = PBXFileReference; includeInIndex = 1; lastKnownFileType = text.xcconfig; name = "Pods-HelloWorld.debug.xcconfig"; path = "Target Support Files/Pods-HelloWorld/Pods-HelloWorld.debug.xcconfig"; sourceTree = "<group>"; };
		F7D5FB30E754E6CBF20C6A21 /* Pods_HelloWorld.framework */ = {isa = PBXFileReference; explicitFileType = wrapper.framework; includeInIndex = 0; path = Pods_HelloWorld.framework; sourceTree = BUILT_PRODUCTS_DIR; };
/* End PBXFileReference section */

/* Begin PBXFrameworksBuildPhase section */
		37857F0E25A996EB0035960F /* Frameworks */ = {
			isa = PBXFrameworksBuildPhase;
			buildActionMask = 2147483647;
			files = (
				D771223C173D4064C0370931 /* Pods_HelloWorld.framework in Frameworks */,
			);
			runOnlyForDeploymentPostprocessing = 0;
		};
/* End PBXFrameworksBuildPhase section */

/* Begin PBXGroup section */
		3705B45C25AB349900BD87C8 /* FirebaseHelpers */ = {
			isa = PBXGroup;
			children = (
				3705B45925AB338300BD87C8 /* FCollectionReference.swift */,
				3705B45E25AB359B00BD87C8 /* FirebaseUserListener.swift */,
				3705B4F825B6BBF400BD87C8 /* FirebaseTypingListener.swift */,
				3705B4B425B0844800BD87C8 /* FirebaseRecentListener.swift */,
				3705B4F225B55A0100BD87C8 /* FirebaseMessageListener.swift */,
				373DB8A92624201B001684BA /* _FirebaseMessageListener.swift */,
				3741F08725C9317E0023EFFC /* FirebaseChannelListener.swift */,
				373DB8A626232AE6001684BA /* _FirebaseChannelListener.swift */,
				3705B48825AD929800BD87C8 /* FileStorage.swift */,
			);
			path = FirebaseHelpers;
			sourceTree = "<group>";
		};
		3705B48025AC425B00BD87C8 /* Helpers */ = {
			isa = PBXGroup;
			children = (
				3705B45625AB2F8600BD87C8 /* Constants.swift */,
				3705B48B25AE8E6600BD87C8 /* GlobalFunctions.swift */,
				3705B4B125B07E7000BD87C8 /* StartChat.swift */,
				3705B48E25AEA23900BD87C8 /* Extensions.swift */,
				3705B4E025B4648100BD87C8 /* MessageKitDefaults.swift */,
			);
			path = Helpers;
			sourceTree = "<group>";
		};
		3705B49E25B0146B00BD87C8 /* SettingsViews */ = {
			isa = PBXGroup;
			children = (
				3705B48225AC8EEC00BD87C8 /* SettingsTableViewController.swift */,
				3705B48525AD78CA00BD87C8 /* EditProfileTableViewController.swift */,
				3705B49425AEC99C00BD87C8 /* StatusTableViewController.swift */,
				37BE9DE225E38E9400917734 /* LangTableViewController.swift */,
			);
			path = SettingsViews;
			sourceTree = "<group>";
		};
		3705B49F25B014A200BD87C8 /* CustomCells */ = {
			isa = PBXGroup;
			children = (
				3705B49725AEDE1000BD87C8 /* UserTableViewCell.swift */,
				3705B4AE25B034A000BD87C8 /* RecentTableViewCell.swift */,
				3741F05B25C8EBA30023EFFC /* ChannelTableViewCell.swift */,
				37BE9DDD25E23A1600917734 /* ActiveCustomCell.swift */,
				3770FA3C2637EAB200A3A235 /* SearchFacetCell.swift */,
				3770FA3D2637EAB200A3A235 /* SearchFacetCell.xib */,
				37BE9DE825E4D5D000917734 /* InactiveCustomCell.swift */,
				37BE9DDE25E23A1600917734 /* ActiveCustomCell.xib */,
				37BE9DE925E4D5D000917734 /* InactiveCustomCell.xib */,
			);
			path = CustomCells;
			sourceTree = "<group>";
		};
		3705B4A125B014C100BD87C8 /* LoginViews */ = {
			isa = PBXGroup;
			children = (
				37857F1825A996EB0035960F /* LoginViewController.swift */,
			);
			path = LoginViews;
			sourceTree = "<group>";
		};
		3705B4A325B0150400BD87C8 /* PrimaryViews */ = {
			isa = PBXGroup;
			children = (
				3705B49A25AF205200BD87C8 /* UsersTableViewController.swift */,
				373DB8D7262FF55F001684BA /* SearchTableViewController.swift */,
				3705B4B725B1681000BD87C8 /* ChatsTableViewController.swift */,
				3741F05025C7CCBB0023EFFC /* ChannelsTableViewController.swift */,
			);
			path = PrimaryViews;
			sourceTree = "<group>";
		};
		3705B4A825B0155700BD87C8 /* SecondaryViews */ = {
			isa = PBXGroup;
			children = (
				3705B4CB25B411E200BD87C8 /* ChatViewController.swift */,
				3741F08E25CA81840023EFFC /* ChannelChatViewController.swift */,
				3705B4A425B0154A00BD87C8 /* ProfileTableViewController.swift */,
				3705B50925C19EC600BD87C8 /* MapViewController.swift */,
				3741F08125C91FED0023EFFC /* MyChannelsTableViewController.swift */,
				373DB8D3262AAB0A001684BA /* _MyChannelsTableViewController.swift */,
				3741F08425C920130023EFFC /* AddChannelTableViewController.swift */,
				37FBA6AB263BF0790015231A /* ChannelLangTableViewController.swift */,
				37FBA6AD263C32B20015231A /* ChannelTypeTableViewController.swift */,
				37FBA6AF263C3A020015231A /* ChannelThemeTableViewController.swift */,
				3741F08A25CA47250023EFFC /* ChannelDetailTableViewController.swift */,
				3770FA352635324000A3A235 /* TranslateLangTableViewController.swift */,
				3705B4D125B4608000BD87C8 /* ChatViewExtensions */,
			);
			path = SecondaryViews;
			sourceTree = "<group>";
		};
		3705B4D125B4608000BD87C8 /* ChatViewExtensions */ = {
			isa = PBXGroup;
			children = (
				3705B4CE25B4607200BD87C8 /* MessageDataSource.swift */,
				3705B4D325B460CA00BD87C8 /* MessageCellDelegate.swift */,
				3705B4D725B460E900BD87C8 /* MessageDisplayDelegate.swift */,
				3705B4DA25B460FC00BD87C8 /* MessageLayoutDelegate.swift */,
				3705B4DD25B4613E00BD87C8 /* InputBarAccessoryViewDelegate.swift */,
			);
			path = ChatViewExtensions;
			sourceTree = "<group>";
		};
		3705B4EA25B46BBE00BD87C8 /* RealmMessages */ = {
			isa = PBXGroup;
			children = (
				3705B4E725B46B7D00BD87C8 /* LocalMessage.swift */,
				3705B4EC25B5301F00BD87C8 /* RealmManager.swift */,
			);
			path = RealmMessages;
			sourceTree = "<group>";
		};
		3705B4FE25BB103300BD87C8 /* MediaMessages */ = {
			isa = PBXGroup;
			children = (
				3705B4FB25B8569D00BD87C8 /* PhotoMessage.swift */,
				3705B50025BB106300BD87C8 /* VideoMessages.swift */,
				3705B50625C1989B00BD87C8 /* LocationMessage.swift */,
				3741F04025C3B3C80023EFFC /* AudioMessage.swift */,
			);
			path = MediaMessages;
			sourceTree = "<group>";
		};
		3741F05625C7DED00023EFFC /* TertiaryViews */ = {
			isa = PBXGroup;
			children = (
				3741F03D25C2EEDC0023EFFC /* AudioViewController.swift */,
				3741F05725C7DF510023EFFC /* LocationPickerViewController.swift */,
			);
			path = TertiaryViews;
			sourceTree = "<group>";
		};
		377B0C3B25AB2C000002721E /* Model */ = {
			isa = PBXGroup;
			children = (
				377B0C3825AB2BF90002721E /* User.swift */,
				3705B4AB25B02A3300BD87C8 /* RecentChat.swift */,
				3788C0D025D62E6500742D7A /* JoiningChat.swift */,
				3788C0E125DE131F00742D7A /* JoiningChannel.swift */,
				3788C0E425DE372F00742D7A /* ChannelMember.swift */,
				3705B49125AEC38700BD87C8 /* Status.swift */,
				37FBA6A7263BEB0C0015231A /* ChannelType.swift */,
				37FBA6A9263BEBB50015231A /* ChannelTheme.swift */,
				3705B4E425B4685700BD87C8 /* MKMessage.swift */,
				37FBA6A5263BA2ED0015231A /* Plan.swift */,
				3705B4EF25B5343B00BD87C8 /* OutgoingMessage.swift */,
				3705B4F525B566DF00BD87C8 /* IncomingMessage.swift */,
				3705B50325C156D100BD87C8 /* LocationManager.swift */,
				3741F04D25C51FBC0023EFFC /* _LocationManager.swift */,
				3705B50D25C1A72300BD87C8 /* MapAnnotation.swift */,
				3705B51025C28DD600BD87C8 /* AudioRecorder.swift */,
				3741F04A25C3D8B80023EFFC /* BasicAudioController.swift */,
				3741F05325C7D9E70023EFFC /* Channel.swift */,
				373DB8A126232101001684BA /* ChannelRes.swift */,
				3770FA412637F1FE00A3A235 /* Facet.swift */,
				37BE9DE525E39A3A00917734 /* TranslationLang.swift */,
				373DB8D02627EAF5001684BA /* TranslateResult.swift */,
				373DB8DA26300B1F001684BA /* SearchResult.swift */,
				3705B4FE25BB103300BD87C8 /* MediaMessages */,
				3705B4EA25B46BBE00BD87C8 /* RealmMessages */,
			);
			path = Model;
			sourceTree = "<group>";
		};
		37857F0825A996EB0035960F = {
			isa = PBXGroup;
			children = (
				37857F1325A996EB0035960F /* HelloWorld */,
				37857F1225A996EB0035960F /* Products */,
				878F47FF0A6610FC3C92831D /* Pods */,
				E6A0DEC5F4D7FFBC0A22BF9B /* Frameworks */,
			);
			sourceTree = "<group>";
		};
		37857F1225A996EB0035960F /* Products */ = {
			isa = PBXGroup;
			children = (
				37857F1125A996EB0035960F /* HelloWorld.app */,
			);
			name = Products;
			sourceTree = "<group>";
		};
		37857F1325A996EB0035960F /* HelloWorld */ = {
			isa = PBXGroup;
			children = (
				3788C0D325DCB96600742D7A /* Translation */,
				37857F1425A996EB0035960F /* AppDelegate.swift */,
				37857F1625A996EB0035960F /* SceneDelegate.swift */,
				3705B4A325B0150400BD87C8 /* PrimaryViews */,
				3705B4A825B0155700BD87C8 /* SecondaryViews */,
				3741F05625C7DED00023EFFC /* TertiaryViews */,
				3705B4A125B014C100BD87C8 /* LoginViews */,
				3705B49E25B0146B00BD87C8 /* SettingsViews */,
				3705B49F25B014A200BD87C8 /* CustomCells */,
				3705B45C25AB349900BD87C8 /* FirebaseHelpers */,
				377B0C3B25AB2C000002721E /* Model */,
				3705B48025AC425B00BD87C8 /* Helpers */,
				37857F1A25A996EB0035960F /* Main.storyboard */,
				37857F1D25A996EE0035960F /* Assets.xcassets */,
				37857F1F25A996EE0035960F /* LaunchScreen.storyboard */,
				3788C0CB25D62AE100742D7A /* GoogleService-Info.plist */,
				37857F2225A996EE0035960F /* Info.plist */,
			);
			path = HelloWorld;
			sourceTree = "<group>";
		};
		3788C0D325DCB96600742D7A /* Translation */ = {
			isa = PBXGroup;
			children = (
				3788C0D525DCB98800742D7A /* TranslationAPI.swift */,
				3788C0D825DCBA3600742D7A /* TranslationManager.swift */,
			);
			path = Translation;
			sourceTree = "<group>";
		};
		878F47FF0A6610FC3C92831D /* Pods */ = {
			isa = PBXGroup;
			children = (
				B8EA68E95DBB86EAE5694F07 /* Pods-HelloWorld.debug.xcconfig */,
				25DF8A5EA4F29922FF5D3478 /* Pods-HelloWorld.release.xcconfig */,
			);
			path = Pods;
			sourceTree = "<group>";
		};
		E6A0DEC5F4D7FFBC0A22BF9B /* Frameworks */ = {
			isa = PBXGroup;
			children = (
				F7D5FB30E754E6CBF20C6A21 /* Pods_HelloWorld.framework */,
			);
			name = Frameworks;
			sourceTree = "<group>";
		};
/* End PBXGroup section */

/* Begin PBXNativeTarget section */
		37857F1025A996EB0035960F /* HelloWorld */ = {
			isa = PBXNativeTarget;
			buildConfigurationList = 37857F2525A996EE0035960F /* Build configuration list for PBXNativeTarget "HelloWorld" */;
			buildPhases = (
				B16E377944CBD32AADD50A01 /* [CP] Check Pods Manifest.lock */,
				37857F0D25A996EB0035960F /* Sources */,
				37857F0E25A996EB0035960F /* Frameworks */,
				37857F0F25A996EB0035960F /* Resources */,
				5A058BFE07F789DA1A9E13F9 /* [CP] Embed Pods Frameworks */,
			);
			buildRules = (
			);
			dependencies = (
			);
			name = HelloWorld;
			productName = HelloWorld;
			productReference = 37857F1125A996EB0035960F /* HelloWorld.app */;
			productType = "com.apple.product-type.application";
		};
/* End PBXNativeTarget section */

/* Begin PBXProject section */
		37857F0925A996EB0035960F /* Project object */ = {
			isa = PBXProject;
			attributes = {
				LastSwiftUpdateCheck = 1230;
				LastUpgradeCheck = 1230;
				TargetAttributes = {
					37857F1025A996EB0035960F = {
						CreatedOnToolsVersion = 12.3;
					};
				};
			};
			buildConfigurationList = 37857F0C25A996EB0035960F /* Build configuration list for PBXProject "HelloWorld" */;
			compatibilityVersion = "Xcode 9.3";
			developmentRegion = en;
			hasScannedForEncodings = 0;
			knownRegions = (
				en,
				Base,
			);
			mainGroup = 37857F0825A996EB0035960F;
			productRefGroup = 37857F1225A996EB0035960F /* Products */;
			projectDirPath = "";
			projectRoot = "";
			targets = (
				37857F1025A996EB0035960F /* HelloWorld */,
			);
		};
/* End PBXProject section */

/* Begin PBXResourcesBuildPhase section */
		37857F0F25A996EB0035960F /* Resources */ = {
			isa = PBXResourcesBuildPhase;
			buildActionMask = 2147483647;
			files = (
				37857F2125A996EE0035960F /* LaunchScreen.storyboard in Resources */,
				37BE9DE025E23A1600917734 /* ActiveCustomCell.xib in Resources */,
				3770FA3F2637EAB200A3A235 /* SearchFacetCell.xib in Resources */,
				37857F1E25A996EE0035960F /* Assets.xcassets in Resources */,
				37857F1C25A996EB0035960F /* Main.storyboard in Resources */,
				3788C0CC25D62AE100742D7A /* GoogleService-Info.plist in Resources */,
				37BE9DEB25E4D5D100917734 /* InactiveCustomCell.xib in Resources */,
			);
			runOnlyForDeploymentPostprocessing = 0;
		};
/* End PBXResourcesBuildPhase section */

/* Begin PBXShellScriptBuildPhase section */
		5A058BFE07F789DA1A9E13F9 /* [CP] Embed Pods Frameworks */ = {
			isa = PBXShellScriptBuildPhase;
			buildActionMask = 2147483647;
			files = (
			);
			inputFileListPaths = (
				"${PODS_ROOT}/Target Support Files/Pods-HelloWorld/Pods-HelloWorld-frameworks-${CONFIGURATION}-input-files.xcfilelist",
			);
			name = "[CP] Embed Pods Frameworks";
			outputFileListPaths = (
				"${PODS_ROOT}/Target Support Files/Pods-HelloWorld/Pods-HelloWorld-frameworks-${CONFIGURATION}-output-files.xcfilelist",
			);
			runOnlyForDeploymentPostprocessing = 0;
			shellPath = /bin/sh;
			shellScript = "\"${PODS_ROOT}/Target Support Files/Pods-HelloWorld/Pods-HelloWorld-frameworks.sh\"\n";
			showEnvVarsInLog = 0;
		};
		B16E377944CBD32AADD50A01 /* [CP] Check Pods Manifest.lock */ = {
			isa = PBXShellScriptBuildPhase;
			buildActionMask = 2147483647;
			files = (
			);
			inputFileListPaths = (
			);
			inputPaths = (
				"${PODS_PODFILE_DIR_PATH}/Podfile.lock",
				"${PODS_ROOT}/Manifest.lock",
			);
			name = "[CP] Check Pods Manifest.lock";
			outputFileListPaths = (
			);
			outputPaths = (
				"$(DERIVED_FILE_DIR)/Pods-HelloWorld-checkManifestLockResult.txt",
			);
			runOnlyForDeploymentPostprocessing = 0;
			shellPath = /bin/sh;
			shellScript = "diff \"${PODS_PODFILE_DIR_PATH}/Podfile.lock\" \"${PODS_ROOT}/Manifest.lock\" > /dev/null\nif [ $? != 0 ] ; then\n    # print error to STDERR\n    echo \"error: The sandbox is not in sync with the Podfile.lock. Run 'pod install' or update your CocoaPods installation.\" >&2\n    exit 1\nfi\n# This output is used by Xcode 'outputs' to avoid re-running this script phase.\necho \"SUCCESS\" > \"${SCRIPT_OUTPUT_FILE_0}\"\n";
			showEnvVarsInLog = 0;
		};
/* End PBXShellScriptBuildPhase section */

/* Begin PBXSourcesBuildPhase section */
		37857F0D25A996EB0035960F /* Sources */ = {
			isa = PBXSourcesBuildPhase;
			buildActionMask = 2147483647;
			files = (
				3741F05425C7D9E70023EFFC /* Channel.swift in Sources */,
				37BE9DE625E39A3A00917734 /* TranslationLang.swift in Sources */,
				3770FA362635324000A3A235 /* TranslateLangTableViewController.swift in Sources */,
				3705B4AC25B02A3300BD87C8 /* RecentChat.swift in Sources */,
				3741F08F25CA81840023EFFC /* ChannelChatViewController.swift in Sources */,
				3741F04125C3B3C80023EFFC /* AudioMessage.swift in Sources */,
				3741F08225C91FED0023EFFC /* MyChannelsTableViewController.swift in Sources */,
				3705B4E825B46B7D00BD87C8 /* LocalMessage.swift in Sources */,
				3705B48C25AE8E6600BD87C8 /* GlobalFunctions.swift in Sources */,
				3741F08B25CA47250023EFFC /* ChannelDetailTableViewController.swift in Sources */,
				3788C0D625DCB98800742D7A /* TranslationAPI.swift in Sources */,
				373DB8DB26300B1F001684BA /* SearchResult.swift in Sources */,
				3705B45A25AB338300BD87C8 /* FCollectionReference.swift in Sources */,
				3705B4B525B0844800BD87C8 /* FirebaseRecentListener.swift in Sources */,
				3705B48925AD929800BD87C8 /* FileStorage.swift in Sources */,
				37FBA6AA263BEBB50015231A /* ChannelTheme.swift in Sources */,
				373DB8A226232101001684BA /* ChannelRes.swift in Sources */,
				3705B4DE25B4613E00BD87C8 /* InputBarAccessoryViewDelegate.swift in Sources */,
				3705B4E125B4648100BD87C8 /* MessageKitDefaults.swift in Sources */,
				3741F08525C920130023EFFC /* AddChannelTableViewController.swift in Sources */,
				3705B4D425B460CA00BD87C8 /* MessageCellDelegate.swift in Sources */,
				3705B51125C28DD600BD87C8 /* AudioRecorder.swift in Sources */,
				3705B45725AB2F8600BD87C8 /* Constants.swift in Sources */,
				3741F05825C7DF510023EFFC /* LocationPickerViewController.swift in Sources */,
				3741F08825C9317E0023EFFC /* FirebaseChannelListener.swift in Sources */,
				3705B49825AEDE1000BD87C8 /* UserTableViewCell.swift in Sources */,
				3741F05125C7CCBB0023EFFC /* ChannelsTableViewController.swift in Sources */,
				3788C0E225DE131F00742D7A /* JoiningChannel.swift in Sources */,
				373DB8D12627EAF5001684BA /* TranslateResult.swift in Sources */,
				377B0C3925AB2BF90002721E /* User.swift in Sources */,
				373DB8D4262AAB0A001684BA /* _MyChannelsTableViewController.swift in Sources */,
				37857F1925A996EB0035960F /* LoginViewController.swift in Sources */,
				3705B4A525B0154A00BD87C8 /* ProfileTableViewController.swift in Sources */,
				37FBA6AE263C32B20015231A /* ChannelTypeTableViewController.swift in Sources */,
				3705B48325AC8EEC00BD87C8 /* SettingsTableViewController.swift in Sources */,
				373DB8AA2624201B001684BA /* _FirebaseMessageListener.swift in Sources */,
				3705B4F025B5343B00BD87C8 /* OutgoingMessage.swift in Sources */,
				3705B48F25AEA23900BD87C8 /* Extensions.swift in Sources */,
				3705B4F925B6BBF400BD87C8 /* FirebaseTypingListener.swift in Sources */,
				373DB8D8262FF55F001684BA /* SearchTableViewController.swift in Sources */,
				37FBA6AC263BF0790015231A /* ChannelLangTableViewController.swift in Sources */,
				3705B48625AD78CA00BD87C8 /* EditProfileTableViewController.swift in Sources */,
				3705B49525AEC99C00BD87C8 /* StatusTableViewController.swift in Sources */,
				3705B49225AEC38700BD87C8 /* Status.swift in Sources */,
				37BE9DE325E38E9400917734 /* LangTableViewController.swift in Sources */,
				37857F1525A996EB0035960F /* AppDelegate.swift in Sources */,
				3705B50725C1989C00BD87C8 /* LocationMessage.swift in Sources */,
				3705B50E25C1A72300BD87C8 /* MapAnnotation.swift in Sources */,
				37FBA6B0263C3A020015231A /* ChannelThemeTableViewController.swift in Sources */,
				3705B4F625B566DF00BD87C8 /* IncomingMessage.swift in Sources */,
				3788C0D925DCBA3600742D7A /* TranslationManager.swift in Sources */,
				3705B4CC25B411E200BD87C8 /* ChatViewController.swift in Sources */,
				3705B45F25AB359B00BD87C8 /* FirebaseUserListener.swift in Sources */,
				37FBA6A6263BA2ED0015231A /* Plan.swift in Sources */,
				373DB8A726232AE6001684BA /* _FirebaseChannelListener.swift in Sources */,
				3705B4D825B460E900BD87C8 /* MessageDisplayDelegate.swift in Sources */,
				3770FA3E2637EAB200A3A235 /* SearchFacetCell.swift in Sources */,
				3788C0E525DE372F00742D7A /* ChannelMember.swift in Sources */,
				3705B4FC25B8569D00BD87C8 /* PhotoMessage.swift in Sources */,
				3705B4CF25B4607200BD87C8 /* MessageDataSource.swift in Sources */,
				37BE9DEA25E4D5D100917734 /* InactiveCustomCell.swift in Sources */,
				37BE9DDF25E23A1600917734 /* ActiveCustomCell.swift in Sources */,
				3788C0D125D62E6500742D7A /* JoiningChat.swift in Sources */,
				3705B4B825B1681000BD87C8 /* ChatsTableViewController.swift in Sources */,
				3741F04B25C3D8B80023EFFC /* BasicAudioController.swift in Sources */,
				3705B4F325B55A0200BD87C8 /* FirebaseMessageListener.swift in Sources */,
				3705B4ED25B5301F00BD87C8 /* RealmManager.swift in Sources */,
				3705B50A25C19EC600BD87C8 /* MapViewController.swift in Sources */,
				3705B4DB25B460FC00BD87C8 /* MessageLayoutDelegate.swift in Sources */,
				3705B4B225B07E7000BD87C8 /* StartChat.swift in Sources */,
				3741F04E25C51FBC0023EFFC /* _LocationManager.swift in Sources */,
				3705B50125BB106300BD87C8 /* VideoMessages.swift in Sources */,
				3741F05C25C8EBA30023EFFC /* ChannelTableViewCell.swift in Sources */,
				3770FA422637F1FE00A3A235 /* Facet.swift in Sources */,
				37FBA6A8263BEB0C0015231A /* ChannelType.swift in Sources */,
				3705B49B25AF205200BD87C8 /* UsersTableViewController.swift in Sources */,
				37857F1725A996EB0035960F /* SceneDelegate.swift in Sources */,
				3705B4AF25B034A000BD87C8 /* RecentTableViewCell.swift in Sources */,
				3741F03E25C2EEDC0023EFFC /* AudioViewController.swift in Sources */,
				3705B4E525B4685700BD87C8 /* MKMessage.swift in Sources */,
				3705B50425C156D100BD87C8 /* LocationManager.swift in Sources */,
			);
			runOnlyForDeploymentPostprocessing = 0;
		};
/* End PBXSourcesBuildPhase section */

/* Begin PBXVariantGroup section */
		37857F1A25A996EB0035960F /* Main.storyboard */ = {
			isa = PBXVariantGroup;
			children = (
				37857F1B25A996EB0035960F /* Base */,
			);
			name = Main.storyboard;
			sourceTree = "<group>";
		};
		37857F1F25A996EE0035960F /* LaunchScreen.storyboard */ = {
			isa = PBXVariantGroup;
			children = (
				37857F2025A996EE0035960F /* Base */,
			);
			name = LaunchScreen.storyboard;
			sourceTree = "<group>";
		};
/* End PBXVariantGroup section */

/* Begin XCBuildConfiguration section */
		37857F2325A996EE0035960F /* Debug */ = {
			isa = XCBuildConfiguration;
			buildSettings = {
				ALWAYS_SEARCH_USER_PATHS = NO;
				CLANG_ANALYZER_NONNULL = YES;
				CLANG_ANALYZER_NUMBER_OBJECT_CONVERSION = YES_AGGRESSIVE;
				CLANG_CXX_LANGUAGE_STANDARD = "gnu++14";
				CLANG_CXX_LIBRARY = "libc++";
				CLANG_ENABLE_MODULES = YES;
				CLANG_ENABLE_OBJC_ARC = YES;
				CLANG_ENABLE_OBJC_WEAK = YES;
				CLANG_WARN_BLOCK_CAPTURE_AUTORELEASING = YES;
				CLANG_WARN_BOOL_CONVERSION = YES;
				CLANG_WARN_COMMA = YES;
				CLANG_WARN_CONSTANT_CONVERSION = YES;
				CLANG_WARN_DEPRECATED_OBJC_IMPLEMENTATIONS = YES;
				CLANG_WARN_DIRECT_OBJC_ISA_USAGE = YES_ERROR;
				CLANG_WARN_DOCUMENTATION_COMMENTS = YES;
				CLANG_WARN_EMPTY_BODY = YES;
				CLANG_WARN_ENUM_CONVERSION = YES;
				CLANG_WARN_INFINITE_RECURSION = YES;
				CLANG_WARN_INT_CONVERSION = YES;
				CLANG_WARN_NON_LITERAL_NULL_CONVERSION = YES;
				CLANG_WARN_OBJC_IMPLICIT_RETAIN_SELF = YES;
				CLANG_WARN_OBJC_LITERAL_CONVERSION = YES;
				CLANG_WARN_OBJC_ROOT_CLASS = YES_ERROR;
				CLANG_WARN_QUOTED_INCLUDE_IN_FRAMEWORK_HEADER = YES;
				CLANG_WARN_RANGE_LOOP_ANALYSIS = YES;
				CLANG_WARN_STRICT_PROTOTYPES = YES;
				CLANG_WARN_SUSPICIOUS_MOVE = YES;
				CLANG_WARN_UNGUARDED_AVAILABILITY = YES_AGGRESSIVE;
				CLANG_WARN_UNREACHABLE_CODE = YES;
				CLANG_WARN__DUPLICATE_METHOD_MATCH = YES;
				COPY_PHASE_STRIP = NO;
				DEBUG_INFORMATION_FORMAT = dwarf;
				ENABLE_STRICT_OBJC_MSGSEND = YES;
				ENABLE_TESTABILITY = YES;
				GCC_C_LANGUAGE_STANDARD = gnu11;
				GCC_DYNAMIC_NO_PIC = NO;
				GCC_NO_COMMON_BLOCKS = YES;
				GCC_OPTIMIZATION_LEVEL = 0;
				GCC_PREPROCESSOR_DEFINITIONS = (
					"DEBUG=1",
					"$(inherited)",
				);
				GCC_WARN_64_TO_32_BIT_CONVERSION = YES;
				GCC_WARN_ABOUT_RETURN_TYPE = YES_ERROR;
				GCC_WARN_UNDECLARED_SELECTOR = YES;
				GCC_WARN_UNINITIALIZED_AUTOS = YES_AGGRESSIVE;
				GCC_WARN_UNUSED_FUNCTION = YES;
				GCC_WARN_UNUSED_VARIABLE = YES;
				IPHONEOS_DEPLOYMENT_TARGET = 14.3;
				MTL_ENABLE_DEBUG_INFO = INCLUDE_SOURCE;
				MTL_FAST_MATH = YES;
				ONLY_ACTIVE_ARCH = YES;
				SDKROOT = iphoneos;
				SWIFT_ACTIVE_COMPILATION_CONDITIONS = DEBUG;
				SWIFT_OPTIMIZATION_LEVEL = "-Onone";
			};
			name = Debug;
		};
		37857F2425A996EE0035960F /* Release */ = {
			isa = XCBuildConfiguration;
			buildSettings = {
				ALWAYS_SEARCH_USER_PATHS = NO;
				CLANG_ANALYZER_NONNULL = YES;
				CLANG_ANALYZER_NUMBER_OBJECT_CONVERSION = YES_AGGRESSIVE;
				CLANG_CXX_LANGUAGE_STANDARD = "gnu++14";
				CLANG_CXX_LIBRARY = "libc++";
				CLANG_ENABLE_MODULES = YES;
				CLANG_ENABLE_OBJC_ARC = YES;
				CLANG_ENABLE_OBJC_WEAK = YES;
				CLANG_WARN_BLOCK_CAPTURE_AUTORELEASING = YES;
				CLANG_WARN_BOOL_CONVERSION = YES;
				CLANG_WARN_COMMA = YES;
				CLANG_WARN_CONSTANT_CONVERSION = YES;
				CLANG_WARN_DEPRECATED_OBJC_IMPLEMENTATIONS = YES;
				CLANG_WARN_DIRECT_OBJC_ISA_USAGE = YES_ERROR;
				CLANG_WARN_DOCUMENTATION_COMMENTS = YES;
				CLANG_WARN_EMPTY_BODY = YES;
				CLANG_WARN_ENUM_CONVERSION = YES;
				CLANG_WARN_INFINITE_RECURSION = YES;
				CLANG_WARN_INT_CONVERSION = YES;
				CLANG_WARN_NON_LITERAL_NULL_CONVERSION = YES;
				CLANG_WARN_OBJC_IMPLICIT_RETAIN_SELF = YES;
				CLANG_WARN_OBJC_LITERAL_CONVERSION = YES;
				CLANG_WARN_OBJC_ROOT_CLASS = YES_ERROR;
				CLANG_WARN_QUOTED_INCLUDE_IN_FRAMEWORK_HEADER = YES;
				CLANG_WARN_RANGE_LOOP_ANALYSIS = YES;
				CLANG_WARN_STRICT_PROTOTYPES = YES;
				CLANG_WARN_SUSPICIOUS_MOVE = YES;
				CLANG_WARN_UNGUARDED_AVAILABILITY = YES_AGGRESSIVE;
				CLANG_WARN_UNREACHABLE_CODE = YES;
				CLANG_WARN__DUPLICATE_METHOD_MATCH = YES;
				COPY_PHASE_STRIP = NO;
				DEBUG_INFORMATION_FORMAT = "dwarf-with-dsym";
				ENABLE_NS_ASSERTIONS = NO;
				ENABLE_STRICT_OBJC_MSGSEND = YES;
				GCC_C_LANGUAGE_STANDARD = gnu11;
				GCC_NO_COMMON_BLOCKS = YES;
				GCC_WARN_64_TO_32_BIT_CONVERSION = YES;
				GCC_WARN_ABOUT_RETURN_TYPE = YES_ERROR;
				GCC_WARN_UNDECLARED_SELECTOR = YES;
				GCC_WARN_UNINITIALIZED_AUTOS = YES_AGGRESSIVE;
				GCC_WARN_UNUSED_FUNCTION = YES;
				GCC_WARN_UNUSED_VARIABLE = YES;
				IPHONEOS_DEPLOYMENT_TARGET = 14.3;
				MTL_ENABLE_DEBUG_INFO = NO;
				MTL_FAST_MATH = YES;
				SDKROOT = iphoneos;
				SWIFT_COMPILATION_MODE = wholemodule;
				SWIFT_OPTIMIZATION_LEVEL = "-O";
				VALIDATE_PRODUCT = YES;
			};
			name = Release;
		};
		37857F2625A996EE0035960F /* Debug */ = {
			isa = XCBuildConfiguration;
			baseConfigurationReference = B8EA68E95DBB86EAE5694F07 /* Pods-HelloWorld.debug.xcconfig */;
			buildSettings = {
				ASSETCATALOG_COMPILER_APPICON_NAME = AppIcon;
				ASSETCATALOG_COMPILER_GLOBAL_ACCENT_COLOR_NAME = AccentColor;
				CODE_SIGN_STYLE = Automatic;
				DEVELOPMENT_TEAM = 3Z7ZS733MC;
				INFOPLIST_FILE = HelloWorld/Info.plist;
				LD_RUNPATH_SEARCH_PATHS = (
					"$(inherited)",
					"@executable_path/Frameworks",
				);
				PRODUCT_BUNDLE_IDENTIFIER = com.tipotto.helloWorld;
				PRODUCT_NAME = "$(TARGET_NAME)";
				SWIFT_VERSION = 5.0;
				TARGETED_DEVICE_FAMILY = "1,2";
			};
			name = Debug;
		};
		37857F2725A996EE0035960F /* Release */ = {
			isa = XCBuildConfiguration;
			baseConfigurationReference = 25DF8A5EA4F29922FF5D3478 /* Pods-HelloWorld.release.xcconfig */;
			buildSettings = {
				ASSETCATALOG_COMPILER_APPICON_NAME = AppIcon;
				ASSETCATALOG_COMPILER_GLOBAL_ACCENT_COLOR_NAME = AccentColor;
				CODE_SIGN_STYLE = Automatic;
				DEVELOPMENT_TEAM = 3Z7ZS733MC;
				INFOPLIST_FILE = HelloWorld/Info.plist;
				LD_RUNPATH_SEARCH_PATHS = (
					"$(inherited)",
					"@executable_path/Frameworks",
				);
				PRODUCT_BUNDLE_IDENTIFIER = com.tipotto.helloWorld;
				PRODUCT_NAME = "$(TARGET_NAME)";
				SWIFT_VERSION = 5.0;
				TARGETED_DEVICE_FAMILY = "1,2";
			};
			name = Release;
		};
/* End XCBuildConfiguration section */

/* Begin XCConfigurationList section */
		37857F0C25A996EB0035960F /* Build configuration list for PBXProject "HelloWorld" */ = {
			isa = XCConfigurationList;
			buildConfigurations = (
				37857F2325A996EE0035960F /* Debug */,
				37857F2425A996EE0035960F /* Release */,
			);
			defaultConfigurationIsVisible = 0;
			defaultConfigurationName = Release;
		};
		37857F2525A996EE0035960F /* Build configuration list for PBXNativeTarget "HelloWorld" */ = {
			isa = XCConfigurationList;
			buildConfigurations = (
				37857F2625A996EE0035960F /* Debug */,
				37857F2725A996EE0035960F /* Release */,
			);
			defaultConfigurationIsVisible = 0;
			defaultConfigurationName = Release;
		};
/* End XCConfigurationList section */
	};
	rootObject = 37857F0925A996EB0035960F /* Project object */;
}
